Microsoft Visual Studio Solution File, Format Version 12.00
# Visual Studio Version 17
VisualStudioVersion = 17.5.2.0
MinimumVisualStudioVersion = 10.0.40219.1
Project("{2150E333-8FDC-42A3-9474-1A3956D46DE8}") = "cartx-services", "cartx-services", "{53144E1F-DB7D-A8D1-1948-061471F7F452}"
EndProject
Project("{FAE04EC0-301F-11D3-BF4B-00C04F79EFBC}") = "product-service", "cartx-services\product-service\product-service.csproj", "{0D7C79CA-8B33-172D-3A88-267F84354798}"
EndProject
Global
	GlobalSection(SolutionConfigurationPlatforms) = preSolution
		Debug|Any CPU = Debug|Any CPU
		Release|Any CPU = Release|Any CPU
	EndGlobalSection
	GlobalSection(ProjectConfigurationPlatforms) = postSolution
		{0D7C79CA-8B33-172D-3A88-267F84354798}.Debug|Any CPU.ActiveCfg = Debug|Any CPU
		{0D7C79CA-8B33-172D-3A88-267F84354798}.Debug|Any CPU.Build.0 = Debug|Any CPU
		{0D7C79CA-8B33-172D-3A88-267F84354798}.Release|Any CPU.ActiveCfg = Release|Any CPU
		{0D7C79CA-8B33-172D-3A88-267F84354798}.Release|Any CPU.Build.0 = Release|Any CPU
	EndGlobalSection
	GlobalSection(SolutionProperties) = preSolution
		HideSolutionNode = FALSE
	EndGlobalSection
	GlobalSection(NestedProjects) = preSolution
		{0D7C79CA-8B33-172D-3A88-267F84354798} = {53144E1F-DB7D-A8D1-1948-061471F7F452}
	EndGlobalSection
	GlobalSection(ExtensibilityGlobals) = postSolution
		SolutionGuid = {BD6AEF00-C197-4EE7-B339-816DCB25E706}
	EndGlobalSection
EndGlobal
